// !$*UTF8*$!
{
	archiveVersion = 1;
	classes = {
	};
	objectVersion = 52;
	objects = {

/* Begin PBXBuildFile section */
		7801AB23267F50B30048955F /* Starscream in Frameworks */ = {isa = PBXBuildFile; productRef = 7801AB22267F50B30048955F /* Starscream */; };
		7801AB26267F51200048955F /* WebRTC in Frameworks */ = {isa = PBXBuildFile; productRef = 7801AB25267F51200048955F /* WebRTC */; };
		7857ED00268898C900C31491 /* CustomRTCMTLVideoView.swift in Sources */ = {isa = PBXBuildFile; fileRef = 7857ECFF268898C900C31491 /* CustomRTCMTLVideoView.swift */; };
		788DECCB267F4D2800C6141E /* AppDelegate.swift in Sources */ = {isa = PBXBuildFile; fileRef = 788DECCA267F4D2800C6141E /* AppDelegate.swift */; };
		788DECCF267F4D2800C6141E /* ViewController.swift in Sources */ = {isa = PBXBuildFile; fileRef = 788DECCE267F4D2800C6141E /* ViewController.swift */; };
		788DECD2267F4D2800C6141E /* Main.storyboard in Resources */ = {isa = PBXBuildFile; fileRef = 788DECD0267F4D2800C6141E /* Main.storyboard */; };
		788DECD4267F4D2900C6141E /* Assets.xcassets in Resources */ = {isa = PBXBuildFile; fileRef = 788DECD3267F4D2900C6141E /* Assets.xcassets */; };
		788DECD7267F4D2900C6141E /* LaunchScreen.storyboard in Resources */ = {isa = PBXBuildFile; fileRef = 788DECD5267F4D2900C6141E /* LaunchScreen.storyboard */; };
		78BAA4BF26879D46007495D4 /* ViewRecorder.swift in Sources */ = {isa = PBXBuildFile; fileRef = 78BAA4BE26879D46007495D4 /* ViewRecorder.swift */; };
		78BAA4C22687A045007495D4 /* ImageToVideo.swift in Sources */ = {isa = PBXBuildFile; fileRef = 78BAA4C12687A045007495D4 /* ImageToVideo.swift */; };
		78CEB883267F5184009A5955 /* RTCConfig.swift in Sources */ = {isa = PBXBuildFile; fileRef = 78CEB880267F5184009A5955 /* RTCConfig.swift */; };
		78CEB884267F5184009A5955 /* RTCRecorder.swift in Sources */ = {isa = PBXBuildFile; fileRef = 78CEB881267F5184009A5955 /* RTCRecorder.swift */; };
		78CEB885267F5184009A5955 /* RTCViewController.swift in Sources */ = {isa = PBXBuildFile; fileRef = 78CEB882267F5184009A5955 /* RTCViewController.swift */; };
		78CEB88A267F51A7009A5955 /* SignalingClient.swift in Sources */ = {isa = PBXBuildFile; fileRef = 78CEB887267F51A7009A5955 /* SignalingClient.swift */; };
		78CEB88B267F51A7009A5955 /* Message.swift in Sources */ = {isa = PBXBuildFile; fileRef = 78CEB888267F51A7009A5955 /* Message.swift */; };
		78CEB88C267F51A7009A5955 /* WebRTCClient.swift in Sources */ = {isa = PBXBuildFile; fileRef = 78CEB889267F51A7009A5955 /* WebRTCClient.swift */; };
		78CEB892267F51DD009A5955 /* NativeWebSocket.swift in Sources */ = {isa = PBXBuildFile; fileRef = 78CEB88F267F51DD009A5955 /* NativeWebSocket.swift */; };
		78CEB893267F51DD009A5955 /* WebSocketProvider.swift in Sources */ = {isa = PBXBuildFile; fileRef = 78CEB890267F51DD009A5955 /* WebSocketProvider.swift */; };
		78CEB894267F51DD009A5955 /* StarscreamProvider.swift in Sources */ = {isa = PBXBuildFile; fileRef = 78CEB891267F51DD009A5955 /* StarscreamProvider.swift */; };
		78CEB898267F51F6009A5955 /* RTCStates.swift in Sources */ = {isa = PBXBuildFile; fileRef = 78CEB895267F51F6009A5955 /* RTCStates.swift */; };
		78CEB899267F51F6009A5955 /* IceCandidate.swift in Sources */ = {isa = PBXBuildFile; fileRef = 78CEB896267F51F6009A5955 /* IceCandidate.swift */; };
		78CEB89A267F51F6009A5955 /* SessionDescription.swift in Sources */ = {isa = PBXBuildFile; fileRef = 78CEB897267F51F6009A5955 /* SessionDescription.swift */; };
/* End PBXBuildFile section */

/* Begin PBXFileReference section */
		7857ECFF268898C900C31491 /* CustomRTCMTLVideoView.swift */ = {isa = PBXFileReference; lastKnownFileType = sourcecode.swift; path = CustomRTCMTLVideoView.swift; sourceTree = "<group>"; };
		788DECC7267F4D2800C6141E /* iWebRTC.app */ = {isa = PBXFileReference; explicitFileType = wrapper.application; includeInIndex = 0; path = iWebRTC.app; sourceTree = BUILT_PRODUCTS_DIR; };
		788DECCA267F4D2800C6141E /* AppDelegate.swift */ = {isa = PBXFileReference; lastKnownFileType = sourcecode.swift; path = AppDelegate.swift; sourceTree = "<group>"; };
		788DECCE267F4D2800C6141E /* ViewController.swift */ = {isa = PBXFileReference; lastKnownFileType = sourcecode.swift; path = ViewController.swift; sourceTree = "<group>"; };
		788DECD1267F4D2800C6141E /* Base */ = {isa = PBXFileReference; lastKnownFileType = file.storyboard; name = Base; path = Base.lproj/Main.storyboard; sourceTree = "<group>"; };
		788DECD3267F4D2900C6141E /* Assets.xcassets */ = {isa = PBXFileReference; lastKnownFileType = folder.assetcatalog; path = Assets.xcassets; sourceTree = "<group>"; };
		788DECD6267F4D2900C6141E /* Base */ = {isa = PBXFileReference; lastKnownFileType = file.storyboard; name = Base; path = Base.lproj/LaunchScreen.storyboard; sourceTree = "<group>"; };
		788DECD8267F4D2900C6141E /* Info.plist */ = {isa = PBXFileReference; lastKnownFileType = text.plist.xml; path = Info.plist; sourceTree = "<group>"; };
		78BAA4BE26879D46007495D4 /* ViewRecorder.swift */ = {isa = PBXFileReference; lastKnownFileType = sourcecode.swift; path = ViewRecorder.swift; sourceTree = "<group>"; };
		78BAA4C12687A045007495D4 /* ImageToVideo.swift */ = {isa = PBXFileReference; lastKnownFileType = sourcecode.swift; path = ImageToVideo.swift; sourceTree = "<group>"; };
		78CEB880267F5184009A5955 /* RTCConfig.swift */ = {isa = PBXFileReference; fileEncoding = 4; lastKnownFileType = sourcecode.swift; path = RTCConfig.swift; sourceTree = "<group>"; };
		78CEB881267F5184009A5955 /* RTCRecorder.swift */ = {isa = PBXFileReference; fileEncoding = 4; lastKnownFileType = sourcecode.swift; path = RTCRecorder.swift; sourceTree = "<group>"; };
		78CEB882267F5184009A5955 /* RTCViewController.swift */ = {isa = PBXFileReference; fileEncoding = 4; lastKnownFileType = sourcecode.swift; path = RTCViewController.swift; sourceTree = "<group>"; };
		78CEB887267F51A7009A5955 /* SignalingClient.swift */ = {isa = PBXFileReference; fileEncoding = 4; lastKnownFileType = sourcecode.swift; path = SignalingClient.swift; sourceTree = "<group>"; };
		78CEB888267F51A7009A5955 /* Message.swift */ = {isa = PBXFileReference; fileEncoding = 4; lastKnownFileType = sourcecode.swift; path = Message.swift; sourceTree = "<group>"; };
		78CEB889267F51A7009A5955 /* WebRTCClient.swift */ = {isa = PBXFileReference; fileEncoding = 4; lastKnownFileType = sourcecode.swift; path = WebRTCClient.swift; sourceTree = "<group>"; };
		78CEB88F267F51DD009A5955 /* NativeWebSocket.swift */ = {isa = PBXFileReference; fileEncoding = 4; lastKnownFileType = sourcecode.swift; path = NativeWebSocket.swift; sourceTree = "<group>"; };
		78CEB890267F51DD009A5955 /* WebSocketProvider.swift */ = {isa = PBXFileReference; fileEncoding = 4; lastKnownFileType = sourcecode.swift; path = WebSocketProvider.swift; sourceTree = "<group>"; };
		78CEB891267F51DD009A5955 /* StarscreamProvider.swift */ = {isa = PBXFileReference; fileEncoding = 4; lastKnownFileType = sourcecode.swift; path = StarscreamProvider.swift; sourceTree = "<group>"; };
		78CEB895267F51F6009A5955 /* RTCStates.swift */ = {isa = PBXFileReference; fileEncoding = 4; lastKnownFileType = sourcecode.swift; path = RTCStates.swift; sourceTree = "<group>"; };
		78CEB896267F51F6009A5955 /* IceCandidate.swift */ = {isa = PBXFileReference; fileEncoding = 4; lastKnownFileType = sourcecode.swift; path = IceCandidate.swift; sourceTree = "<group>"; };
		78CEB897267F51F6009A5955 /* SessionDescription.swift */ = {isa = PBXFileReference; fileEncoding = 4; lastKnownFileType = sourcecode.swift; path = SessionDescription.swift; sourceTree = "<group>"; };
/* End PBXFileReference section */

/* Begin PBXFrameworksBuildPhase section */
		788DECC4267F4D2800C6141E /* Frameworks */ = {
			isa = PBXFrameworksBuildPhase;
			buildActionMask = 2147483647;
			files = (
				7801AB23267F50B30048955F /* Starscream in Frameworks */,
				7801AB26267F51200048955F /* WebRTC in Frameworks */,
			);
			runOnlyForDeploymentPostprocessing = 0;
		};
/* End PBXFrameworksBuildPhase section */

/* Begin PBXGroup section */
		7857ECFC268896A800C31491 /* Testing */ = {
			isa = PBXGroup;
			children = (
				7857ECFF268898C900C31491 /* CustomRTCMTLVideoView.swift */,
			);
			path = Testing;
			sourceTree = "<group>";
		};
		788DECBE267F4D2800C6141E = {
			isa = PBXGroup;
			children = (
				788DECC9267F4D2800C6141E /* iWebRTC */,
				788DECC8267F4D2800C6141E /* Products */,
			);
			sourceTree = "<group>";
		};
		788DECC8267F4D2800C6141E /* Products */ = {
			isa = PBXGroup;
			children = (
				788DECC7267F4D2800C6141E /* iWebRTC.app */,
			);
			name = Products;
			sourceTree = "<group>";
		};
		788DECC9267F4D2800C6141E /* iWebRTC */ = {
			isa = PBXGroup;
			children = (
				78CEB87F267F5170009A5955 /* WebRTC */,
				788DECCA267F4D2800C6141E /* AppDelegate.swift */,
				788DECCE267F4D2800C6141E /* ViewController.swift */,
				788DECD0267F4D2800C6141E /* Main.storyboard */,
				788DECD3267F4D2900C6141E /* Assets.xcassets */,
				788DECD5267F4D2900C6141E /* LaunchScreen.storyboard */,
				788DECD8267F4D2900C6141E /* Info.plist */,
			);
			path = iWebRTC;
			sourceTree = "<group>";
		};
		78BAA4C02687A01B007495D4 /* Recorder */ = {
			isa = PBXGroup;
			children = (
				7857ECFC268896A800C31491 /* Testing */,
				78BAA4C42687A66A007495D4 /* ReplayKit */,
				78BAA4C32687A65E007495D4 /* ViewRecorder */,
			);
			path = Recorder;
			sourceTree = "<group>";
		};
		78BAA4C32687A65E007495D4 /* ViewRecorder */ = {
			isa = PBXGroup;
			children = (
				78BAA4BE26879D46007495D4 /* ViewRecorder.swift */,
				78BAA4C12687A045007495D4 /* ImageToVideo.swift */,
			);
			path = ViewRecorder;
			sourceTree = "<group>";
		};
		78BAA4C42687A66A007495D4 /* ReplayKit */ = {
			isa = PBXGroup;
			children = (
				78CEB881267F5184009A5955 /* RTCRecorder.swift */,
			);
			path = ReplayKit;
			sourceTree = "<group>";
		};
		78CEB87F267F5170009A5955 /* WebRTC */ = {
			isa = PBXGroup;
			children = (
				78CEB886267F518D009A5955 /* Services */,
				78CEB880267F5184009A5955 /* RTCConfig.swift */,
				78CEB882267F5184009A5955 /* RTCViewController.swift */,
			);
			path = WebRTC;
			sourceTree = "<group>";
		};
		78CEB886267F518D009A5955 /* Services */ = {
			isa = PBXGroup;
			children = (
				78BAA4C02687A01B007495D4 /* Recorder */,
				78CEB88E267F51C4009A5955 /* WebSocketProvider */,
				78CEB88D267F51BB009A5955 /* Extensions */,
				78CEB888267F51A7009A5955 /* Message.swift */,
				78CEB887267F51A7009A5955 /* SignalingClient.swift */,
				78CEB889267F51A7009A5955 /* WebRTCClient.swift */,
			);
			path = Services;
			sourceTree = "<group>";
		};
		78CEB88D267F51BB009A5955 /* Extensions */ = {
			isa = PBXGroup;
			children = (
				78CEB896267F51F6009A5955 /* IceCandidate.swift */,
				78CEB895267F51F6009A5955 /* RTCStates.swift */,
				78CEB897267F51F6009A5955 /* SessionDescription.swift */,
			);
			path = Extensions;
			sourceTree = "<group>";
		};
		78CEB88E267F51C4009A5955 /* WebSocketProvider */ = {
			isa = PBXGroup;
			children = (
				78CEB88F267F51DD009A5955 /* NativeWebSocket.swift */,
				78CEB891267F51DD009A5955 /* StarscreamProvider.swift */,
				78CEB890267F51DD009A5955 /* WebSocketProvider.swift */,
			);
			path = WebSocketProvider;
			sourceTree = "<group>";
		};
/* End PBXGroup section */

/* Begin PBXNativeTarget section */
		788DECC6267F4D2800C6141E /* iWebRTC */ = {
			isa = PBXNativeTarget;
			buildConfigurationList = 788DECDB267F4D2900C6141E /* Build configuration list for PBXNativeTarget "iWebRTC" */;
			buildPhases = (
				788DECC3267F4D2800C6141E /* Sources */,
				788DECC4267F4D2800C6141E /* Frameworks */,
				788DECC5267F4D2800C6141E /* Resources */,
			);
			buildRules = (
			);
			dependencies = (
			);
			name = iWebRTC;
			packageProductDependencies = (
				7801AB22267F50B30048955F /* Starscream */,
				7801AB25267F51200048955F /* WebRTC */,
			);
			productName = iWebRTC;
			productReference = 788DECC7267F4D2800C6141E /* iWebRTC.app */;
			productType = "com.apple.product-type.application";
		};
/* End PBXNativeTarget section */

/* Begin PBXProject section */
		788DECBF267F4D2800C6141E /* Project object */ = {
			isa = PBXProject;
			attributes = {
				LastSwiftUpdateCheck = 1250;
				LastUpgradeCheck = 1250;
				TargetAttributes = {
					788DECC6267F4D2800C6141E = {
						CreatedOnToolsVersion = 12.5;
					};
				};
			};
			buildConfigurationList = 788DECC2267F4D2800C6141E /* Build configuration list for PBXProject "iWebRTC" */;
			compatibilityVersion = "Xcode 9.3";
			developmentRegion = en;
			hasScannedForEncodings = 0;
			knownRegions = (
				en,
				Base,
			);
			mainGroup = 788DECBE267F4D2800C6141E;
			packageReferences = (
				7801AB21267F50B30048955F /* XCRemoteSwiftPackageReference "Starscream" */,
				7801AB24267F51200048955F /* XCRemoteSwiftPackageReference "WebRTC" */,
			);
			productRefGroup = 788DECC8267F4D2800C6141E /* Products */;
			projectDirPath = "";
			projectRoot = "";
			targets = (
				788DECC6267F4D2800C6141E /* iWebRTC */,
			);
		};
/* End PBXProject section */

/* Begin PBXResourcesBuildPhase section */
		788DECC5267F4D2800C6141E /* Resources */ = {
			isa = PBXResourcesBuildPhase;
			buildActionMask = 2147483647;
			files = (
				788DECD7267F4D2900C6141E /* LaunchScreen.storyboard in Resources */,
				788DECD4267F4D2900C6141E /* Assets.xcassets in Resources */,
				788DECD2267F4D2800C6141E /* Main.storyboard in Resources */,
			);
			runOnlyForDeploymentPostprocessing = 0;
		};
/* End PBXResourcesBuildPhase section */

/* Begin PBXSourcesBuildPhase section */
		788DECC3267F4D2800C6141E /* Sources */ = {
			isa = PBXSourcesBuildPhase;
			buildActionMask = 2147483647;
			files = (
				78CEB893267F51DD009A5955 /* WebSocketProvider.swift in Sources */,
				78CEB89A267F51F6009A5955 /* SessionDescription.swift in Sources */,
				788DECCF267F4D2800C6141E /* ViewController.swift in Sources */,
				78CEB894267F51DD009A5955 /* StarscreamProvider.swift in Sources */,
				7857ED00268898C900C31491 /* CustomRTCMTLVideoView.swift in Sources */,
				78CEB899267F51F6009A5955 /* IceCandidate.swift in Sources */,
				78CEB898267F51F6009A5955 /* RTCStates.swift in Sources */,
				78CEB88A267F51A7009A5955 /* SignalingClient.swift in Sources */,
				78CEB883267F5184009A5955 /* RTCConfig.swift in Sources */,
				78CEB88C267F51A7009A5955 /* WebRTCClient.swift in Sources */,
				78CEB885267F5184009A5955 /* RTCViewController.swift in Sources */,
				78BAA4C22687A045007495D4 /* ImageToVideo.swift in Sources */,
				788DECCB267F4D2800C6141E /* AppDelegate.swift in Sources */,
				78BAA4BF26879D46007495D4 /* ViewRecorder.swift in Sources */,
				78CEB892267F51DD009A5955 /* NativeWebSocket.swift in Sources */,
				78CEB884267F5184009A5955 /* RTCRecorder.swift in Sources */,
				78CEB88B267F51A7009A5955 /* Message.swift in Sources */,
			);
			runOnlyForDeploymentPostprocessing = 0;
		};
/* End PBXSourcesBuildPhase section */

/* Begin PBXVariantGroup section */
		788DECD0267F4D2800C6141E /* Main.storyboard */ = {
			isa = PBXVariantGroup;
			children = (
				788DECD1267F4D2800C6141E /* Base */,
			);
			name = Main.storyboard;
			sourceTree = "<group>";
		};
		788DECD5267F4D2900C6141E /* LaunchScreen.storyboard */ = {
			isa = PBXVariantGroup;
			children = (
				788DECD6267F4D2900C6141E /* Base */,
			);
			name = LaunchScreen.storyboard;
			sourceTree = "<group>";
		};
/* End PBXVariantGroup section */

/* Begin XCBuildConfiguration section */
		788DECD9267F4D2900C6141E /* Debug */ = {
			isa = XCBuildConfiguration;
			buildSettings = {
				ALWAYS_SEARCH_USER_PATHS = NO;
				CLANG_ANALYZER_NONNULL = YES;
				CLANG_ANALYZER_NUMBER_OBJECT_CONVERSION = YES_AGGRESSIVE;
				CLANG_CXX_LANGUAGE_STANDARD = "gnu++14";
				CLANG_CXX_LIBRARY = "libc++";
				CLANG_ENABLE_MODULES = YES;
				CLANG_ENABLE_OBJC_ARC = YES;
				CLANG_ENABLE_OBJC_WEAK = YES;
				CLANG_WARN_BLOCK_CAPTURE_AUTORELEASING = YES;
				CLANG_WARN_BOOL_CONVERSION = YES;
				CLANG_WARN_COMMA = YES;
				CLANG_WARN_CONSTANT_CONVERSION = YES;
				CLANG_WARN_DEPRECATED_OBJC_IMPLEMENTATIONS = YES;
				CLANG_WARN_DIRECT_OBJC_ISA_USAGE = YES_ERROR;
				CLANG_WARN_DOCUMENTATION_COMMENTS = YES;
				CLANG_WARN_EMPTY_BODY = YES;
				CLANG_WARN_ENUM_CONVERSION = YES;
				CLANG_WARN_INFINITE_RECURSION = YES;
				CLANG_WARN_INT_CONVERSION = YES;
				CLANG_WARN_NON_LITERAL_NULL_CONVERSION = YES;
				CLANG_WARN_OBJC_IMPLICIT_RETAIN_SELF = YES;
				CLANG_WARN_OBJC_LITERAL_CONVERSION = YES;
				CLANG_WARN_OBJC_ROOT_CLASS = YES_ERROR;
				CLANG_WARN_QUOTED_INCLUDE_IN_FRAMEWORK_HEADER = YES;
				CLANG_WARN_RANGE_LOOP_ANALYSIS = YES;
				CLANG_WARN_STRICT_PROTOTYPES = YES;
				CLANG_WARN_SUSPICIOUS_MOVE = YES;
				CLANG_WARN_UNGUARDED_AVAILABILITY = YES_AGGRESSIVE;
				CLANG_WARN_UNREACHABLE_CODE = YES;
				CLANG_WARN__DUPLICATE_METHOD_MATCH = YES;
				COPY_PHASE_STRIP = NO;
				DEBUG_INFORMATION_FORMAT = dwarf;
				ENABLE_STRICT_OBJC_MSGSEND = YES;
				ENABLE_TESTABILITY = YES;
				GCC_C_LANGUAGE_STANDARD = gnu11;
				GCC_DYNAMIC_NO_PIC = NO;
				GCC_NO_COMMON_BLOCKS = YES;
				GCC_OPTIMIZATION_LEVEL = 0;
				GCC_PREPROCESSOR_DEFINITIONS = (
					"DEBUG=1",
					"$(inherited)",
				);
				GCC_WARN_64_TO_32_BIT_CONVERSION = YES;
				GCC_WARN_ABOUT_RETURN_TYPE = YES_ERROR;
				GCC_WARN_UNDECLARED_SELECTOR = YES;
				GCC_WARN_UNINITIALIZED_AUTOS = YES_AGGRESSIVE;
				GCC_WARN_UNUSED_FUNCTION = YES;
				GCC_WARN_UNUSED_VARIABLE = YES;
				IPHONEOS_DEPLOYMENT_TARGET = 14.5;
				MTL_ENABLE_DEBUG_INFO = INCLUDE_SOURCE;
				MTL_FAST_MATH = YES;
				ONLY_ACTIVE_ARCH = YES;
				SDKROOT = iphoneos;
				SWIFT_ACTIVE_COMPILATION_CONDITIONS = DEBUG;
				SWIFT_OPTIMIZATION_LEVEL = "-Onone";
			};
			name = Debug;
		};
		788DECDA267F4D2900C6141E /* Release */ = {
			isa = XCBuildConfiguration;
			buildSettings = {
				ALWAYS_SEARCH_USER_PATHS = NO;
				CLANG_ANALYZER_NONNULL = YES;
				CLANG_ANALYZER_NUMBER_OBJECT_CONVERSION = YES_AGGRESSIVE;
				CLANG_CXX_LANGUAGE_STANDARD = "gnu++14";
				CLANG_CXX_LIBRARY = "libc++";
				CLANG_ENABLE_MODULES = YES;
				CLANG_ENABLE_OBJC_ARC = YES;
				CLANG_ENABLE_OBJC_WEAK = YES;
				CLANG_WARN_BLOCK_CAPTURE_AUTORELEASING = YES;
				CLANG_WARN_BOOL_CONVERSION = YES;
				CLANG_WARN_COMMA = YES;
				CLANG_WARN_CONSTANT_CONVERSION = YES;
				CLANG_WARN_DEPRECATED_OBJC_IMPLEMENTATIONS = YES;
				CLANG_WARN_DIRECT_OBJC_ISA_USAGE = YES_ERROR;
				CLANG_WARN_DOCUMENTATION_COMMENTS = YES;
				CLANG_WARN_EMPTY_BODY = YES;
				CLANG_WARN_ENUM_CONVERSION = YES;
				CLANG_WARN_INFINITE_RECURSION = YES;
				CLANG_WARN_INT_CONVERSION = YES;
				CLANG_WARN_NON_LITERAL_NULL_CONVERSION = YES;
				CLANG_WARN_OBJC_IMPLICIT_RETAIN_SELF = YES;
				CLANG_WARN_OBJC_LITERAL_CONVERSION = YES;
				CLANG_WARN_OBJC_ROOT_CLASS = YES_ERROR;
				CLANG_WARN_QUOTED_INCLUDE_IN_FRAMEWORK_HEADER = YES;
				CLANG_WARN_RANGE_LOOP_ANALYSIS = YES;
				CLANG_WARN_STRICT_PROTOTYPES = YES;
				CLANG_WARN_SUSPICIOUS_MOVE = YES;
				CLANG_WARN_UNGUARDED_AVAILABILITY = YES_AGGRESSIVE;
				CLANG_WARN_UNREACHABLE_CODE = YES;
				CLANG_WARN__DUPLICATE_METHOD_MATCH = YES;
				COPY_PHASE_STRIP = NO;
				DEBUG_INFORMATION_FORMAT = "dwarf-with-dsym";
				ENABLE_NS_ASSERTIONS = NO;
				ENABLE_STRICT_OBJC_MSGSEND = YES;
				GCC_C_LANGUAGE_STANDARD = gnu11;
				GCC_NO_COMMON_BLOCKS = YES;
				GCC_WARN_64_TO_32_BIT_CONVERSION = YES;
				GCC_WARN_ABOUT_RETURN_TYPE = YES_ERROR;
				GCC_WARN_UNDECLARED_SELECTOR = YES;
				GCC_WARN_UNINITIALIZED_AUTOS = YES_AGGRESSIVE;
				GCC_WARN_UNUSED_FUNCTION = YES;
				GCC_WARN_UNUSED_VARIABLE = YES;
				IPHONEOS_DEPLOYMENT_TARGET = 14.5;
				MTL_ENABLE_DEBUG_INFO = NO;
				MTL_FAST_MATH = YES;
				SDKROOT = iphoneos;
				SWIFT_COMPILATION_MODE = wholemodule;
				SWIFT_OPTIMIZATION_LEVEL = "-O";
				VALIDATE_PRODUCT = YES;
			};
			name = Release;
		};
		788DECDC267F4D2900C6141E /* Debug */ = {
			isa = XCBuildConfiguration;
			buildSettings = {
				ASSETCATALOG_COMPILER_APPICON_NAME = AppIcon;
				ASSETCATALOG_COMPILER_GLOBAL_ACCENT_COLOR_NAME = AccentColor;
				CODE_SIGN_STYLE = Automatic;
				DEVELOPMENT_TEAM = 97BD48DZC7;
				INFOPLIST_FILE = iWebRTC/Info.plist;
				IPHONEOS_DEPLOYMENT_TARGET = 11.0;
				LD_RUNPATH_SEARCH_PATHS = (
					"$(inherited)",
					"@executable_path/Frameworks",
				);
				PRODUCT_BUNDLE_IDENTIFIER = tw.com.BruceHuang.iWebRTC;
				PRODUCT_NAME = "$(TARGET_NAME)";
				SWIFT_VERSION = 5.0;
				TARGETED_DEVICE_FAMILY = "1,2";
			};
			name = Debug;
		};
		788DECDD267F4D2900C6141E /* Release */ = {
			isa = XCBuildConfiguration;
			buildSettings = {
				ASSETCATALOG_COMPILER_APPICON_NAME = AppIcon;
				ASSETCATALOG_COMPILER_GLOBAL_ACCENT_COLOR_NAME = AccentColor;
				CODE_SIGN_STYLE = Automatic;
				DEVELOPMENT_TEAM = 97BD48DZC7;
				INFOPLIST_FILE = iWebRTC/Info.plist;
				IPHONEOS_DEPLOYMENT_TARGET = 11.0;
				LD_RUNPATH_SEARCH_PATHS = (
					"$(inherited)",
					"@executable_path/Frameworks",
				);
				PRODUCT_BUNDLE_IDENTIFIER = tw.com.BruceHuang.iWebRTC;
				PRODUCT_NAME = "$(TARGET_NAME)";
				SWIFT_VERSION = 5.0;
				TARGETED_DEVICE_FAMILY = "1,2";
			};
			name = Release;
		};
/* End XCBuildConfiguration section */

/* Begin XCConfigurationList section */
		788DECC2267F4D2800C6141E /* Build configuration list for PBXProject "iWebRTC" */ = {
			isa = XCConfigurationList;
			buildConfigurations = (
				788DECD9267F4D2900C6141E /* Debug */,
				788DECDA267F4D2900C6141E /* Release */,
			);
			defaultConfigurationIsVisible = 0;
			defaultConfigurationName = Release;
		};
		788DECDB267F4D2900C6141E /* Build configuration list for PBXNativeTarget "iWebRTC" */ = {
			isa = XCConfigurationList;
			buildConfigurations = (
				788DECDC267F4D2900C6141E /* Debug */,
				788DECDD267F4D2900C6141E /* Release */,
			);
			defaultConfigurationIsVisible = 0;
			defaultConfigurationName = Release;
		};
/* End XCConfigurationList section */

/* Begin XCRemoteSwiftPackageReference section */
		7801AB21267F50B30048955F /* XCRemoteSwiftPackageReference "Starscream" */ = {
			isa = XCRemoteSwiftPackageReference;
			repositoryURL = "https://github.com/daltoniam/Starscream.git";
			requirement = {
				kind = upToNextMajorVersion;
				minimumVersion = 3.1.1;
			};
		};
		7801AB24267F51200048955F /* XCRemoteSwiftPackageReference "WebRTC" */ = {
			isa = XCRemoteSwiftPackageReference;
			repositoryURL = "https://github.com/stasel/WebRTC.git";
			requirement = {
				kind = upToNextMajorVersion;
				minimumVersion = 91.0.0;
			};
		};
/* End XCRemoteSwiftPackageReference section */

/* Begin XCSwiftPackageProductDependency section */
		7801AB22267F50B30048955F /* Starscream */ = {
			isa = XCSwiftPackageProductDependency;
			package = 7801AB21267F50B30048955F /* XCRemoteSwiftPackageReference "Starscream" */;
			productName = Starscream;
		};
		7801AB25267F51200048955F /* WebRTC */ = {
			isa = XCSwiftPackageProductDependency;
			package = 7801AB24267F51200048955F /* XCRemoteSwiftPackageReference "WebRTC" */;
			productName = WebRTC;
		};
/* End XCSwiftPackageProductDependency section */
	};
	rootObject = 788DECBF267F4D2800C6141E /* Project object */;
}
